Microsoft Visual Studio Solution File, Format Version 12.00
# Visual Studio Version 17
VisualStudioVersion = 17.5.2.0
MinimumVisualStudioVersion = 10.0.40219.1
Project("{FAE04EC0-301F-11D3-BF4B-00C04F79EFBC}") = "DESAFIO_POO_1", "DESAFIO_POO_1.csproj", "{57631B19-BF27-8FE7-CAB5-00627728B133}"
EndProject
Global
	GlobalSection(SolutionConfigurationPlatforms) = preSolution
		Debug|Any CPU = Debug|Any CPU
		Release|Any CPU = Release|Any CPU
	EndGlobalSection
	GlobalSection(ProjectConfigurationPlatforms) = postSolution
		{57631B19-BF27-8FE7-CAB5-00627728B133}.Debug|Any CPU.ActiveCfg = Debug|Any CPU
		{57631B19-BF27-8FE7-CAB5-00627728B133}.Debug|Any CPU.Build.0 = Debug|Any CPU
		{57631B19-BF27-8FE7-CAB5-00627728B133}.Release|Any CPU.ActiveCfg = Release|Any CPU
		{57631B19-BF27-8FE7-CAB5-00627728B133}.Release|Any CPU.Build.0 = Release|Any CPU
	EndGlobalSection
	GlobalSection(SolutionProperties) = preSolution
		HideSolutionNode = FALSE
	EndGlobalSection
	GlobalSection(ExtensibilityGlobals) = postSolution
		SolutionGuid = {2E86A251-4B94-475A-A6F4-68FEE497BECF}
	EndGlobalSection
EndGlobal
